// !$*UTF8*$!
{
	archiveVersion = 1;
	classes = {
	};
	objectVersion = 56;
	objects = {

/* Begin PBXBuildFile section */
		2A0ACF5329969BD200A9DC1F /* SidebarView.swift in Sources */ = {isa = PBXBuildFile; fileRef = 2A0ACF5229969BD200A9DC1F /* SidebarView.swift */; };
		2A0ACF5529969BFA00A9DC1F /* DetailView.swift in Sources */ = {isa = PBXBuildFile; fileRef = 2A0ACF5429969BFA00A9DC1F /* DetailView.swift */; };
		2A0ACF582996A10C00A9DC1F /* CalendarView.swift in Sources */ = {isa = PBXBuildFile; fileRef = 2A0ACF572996A10C00A9DC1F /* CalendarView.swift */; };
		2A0ACF5B2996A15400A9DC1F /* ReminderView.swift in Sources */ = {isa = PBXBuildFile; fileRef = 2A0ACF5A2996A15400A9DC1F /* ReminderView.swift */; };
		2A0ACF5E2996A1B100A9DC1F /* ClockView.swift in Sources */ = {isa = PBXBuildFile; fileRef = 2A0ACF5D2996A1B100A9DC1F /* ClockView.swift */; };
		2A0ACF612996A1E400A9DC1F /* SettingsView.swift in Sources */ = {isa = PBXBuildFile; fileRef = 2A0ACF602996A1E400A9DC1F /* SettingsView.swift */; };
		2A0ACF632996A73D00A9DC1F /* OneDayCalendarView.swift in Sources */ = {isa = PBXBuildFile; fileRef = 2A0ACF622996A73D00A9DC1F /* OneDayCalendarView.swift */; };
		2A0ACF662997221700A9DC1F /* EventKitManager.swift in Sources */ = {isa = PBXBuildFile; fileRef = 2A0ACF652997221700A9DC1F /* EventKitManager.swift */; };
		2A0ACF6829972DEF00A9DC1F /* Plan.swift in Sources */ = {isa = PBXBuildFile; fileRef = 2A0ACF6729972DEF00A9DC1F /* Plan.swift */; };
		2A0ACF6B29973ECA00A9DC1F /* PlanView.swift in Sources */ = {isa = PBXBuildFile; fileRef = 2A0ACF6A29973ECA00A9DC1F /* PlanView.swift */; };
		2A18C545299752D6006EEE3F /* KanbanReminderView.swift in Sources */ = {isa = PBXBuildFile; fileRef = 2A18C544299752D6006EEE3F /* KanbanReminderView.swift */; };
		2A1B5FDC2997D50300DD22DA /* DayCalendarListView.swift in Sources */ = {isa = PBXBuildFile; fileRef = 2A1B5FDB2997D50300DD22DA /* DayCalendarListView.swift */; };
		2A1B5FDE2997D5D400DD22DA /* WeekCalendarView.swift in Sources */ = {isa = PBXBuildFile; fileRef = 2A1B5FDD2997D5D400DD22DA /* WeekCalendarView.swift */; };
		2A1B5FE02997D9A300DD22DA /* Date.swift in Sources */ = {isa = PBXBuildFile; fileRef = 2A1B5FDF2997D9A300DD22DA /* Date.swift */; };
		2A1B5FE22997E92500DD22DA /* CalendarReminderView.swift in Sources */ = {isa = PBXBuildFile; fileRef = 2A1B5FE12997E92500DD22DA /* CalendarReminderView.swift */; };
		2A1B5FE42997FCB700DD22DA /* VerticalReminderView.swift in Sources */ = {isa = PBXBuildFile; fileRef = 2A1B5FE32997FCB700DD22DA /* VerticalReminderView.swift */; };
		2A1B5FEA299809C900DD22DA /* RDMarkdownKit in Frameworks */ = {isa = PBXBuildFile; productRef = 2A1B5FE9299809C900DD22DA /* RDMarkdownKit */; };
		2A1B5FED29980A6700DD22DA /* Localizable.strings in Resources */ = {isa = PBXBuildFile; fileRef = 2A1B5FEF29980A6700DD22DA /* Localizable.strings */; };
		2A278B392997A270007D57DB /* Int.swift in Sources */ = {isa = PBXBuildFile; fileRef = 2A278B382997A270007D57DB /* Int.swift */; };
		2A74DC1E29975E86003926DC /* CreatePlanView.swift in Sources */ = {isa = PBXBuildFile; fileRef = 2A74DC1D29975E86003926DC /* CreatePlanView.swift */; };
		2A74DC2029975E9A003926DC /* CreatePlanViewModel.swift in Sources */ = {isa = PBXBuildFile; fileRef = 2A74DC1F29975E9A003926DC /* CreatePlanViewModel.swift */; };
		2A74DC2329976C65003926DC /* EKEntityType.swift in Sources */ = {isa = PBXBuildFile; fileRef = 2A74DC2229976C65003926DC /* EKEntityType.swift */; };
		2AB9C45B2996911900C28B6D /* NorenApp.swift in Sources */ = {isa = PBXBuildFile; fileRef = 2AB9C45A2996911900C28B6D /* NorenApp.swift */; };
		2AB9C45D2996911900C28B6D /* ContentView.swift in Sources */ = {isa = PBXBuildFile; fileRef = 2AB9C45C2996911900C28B6D /* ContentView.swift */; };
		2AB9C45F2996911900C28B6D /* Assets.xcassets in Resources */ = {isa = PBXBuildFile; fileRef = 2AB9C45E2996911900C28B6D /* Assets.xcassets */; };
		2AB9C4622996911900C28B6D /* Preview Assets.xcassets in Resources */ = {isa = PBXBuildFile; fileRef = 2AB9C4612996911900C28B6D /* Preview Assets.xcassets */; };
		2AF961BE2997AE4E0074AE0E /* MarkdownView.swift in Sources */ = {isa = PBXBuildFile; fileRef = 2AF961BD2997AE4E0074AE0E /* MarkdownView.swift */; };
/* End PBXBuildFile section */

/* Begin PBXFileReference section */
		2A0ACF5229969BD200A9DC1F /* SidebarView.swift */ = {isa = PBXFileReference; lastKnownFileType = sourcecode.swift; path = SidebarView.swift; sourceTree = "<group>"; };
		2A0ACF5429969BFA00A9DC1F /* DetailView.swift */ = {isa = PBXFileReference; lastKnownFileType = sourcecode.swift; path = DetailView.swift; sourceTree = "<group>"; };
		2A0ACF572996A10C00A9DC1F /* CalendarView.swift */ = {isa = PBXFileReference; lastKnownFileType = sourcecode.swift; path = CalendarView.swift; sourceTree = "<group>"; };
		2A0ACF5A2996A15400A9DC1F /* ReminderView.swift */ = {isa = PBXFileReference; lastKnownFileType = sourcecode.swift; path = ReminderView.swift; sourceTree = "<group>"; };
		2A0ACF5D2996A1B100A9DC1F /* ClockView.swift */ = {isa = PBXFileReference; lastKnownFileType = sourcecode.swift; path = ClockView.swift; sourceTree = "<group>"; };
		2A0ACF602996A1E400A9DC1F /* SettingsView.swift */ = {isa = PBXFileReference; lastKnownFileType = sourcecode.swift; path = SettingsView.swift; sourceTree = "<group>"; };
		2A0ACF622996A73D00A9DC1F /* OneDayCalendarView.swift */ = {isa = PBXFileReference; lastKnownFileType = sourcecode.swift; path = OneDayCalendarView.swift; sourceTree = "<group>"; };
		2A0ACF652997221700A9DC1F /* EventKitManager.swift */ = {isa = PBXFileReference; lastKnownFileType = sourcecode.swift; path = EventKitManager.swift; sourceTree = "<group>"; };
		2A0ACF6729972DEF00A9DC1F /* Plan.swift */ = {isa = PBXFileReference; lastKnownFileType = sourcecode.swift; path = Plan.swift; sourceTree = "<group>"; };
		2A0ACF6A29973ECA00A9DC1F /* PlanView.swift */ = {isa = PBXFileReference; lastKnownFileType = sourcecode.swift; path = PlanView.swift; sourceTree = "<group>"; };
		2A18C544299752D6006EEE3F /* KanbanReminderView.swift */ = {isa = PBXFileReference; lastKnownFileType = sourcecode.swift; path = KanbanReminderView.swift; sourceTree = "<group>"; };
		2A1B5FDB2997D50300DD22DA /* DayCalendarListView.swift */ = {isa = PBXFileReference; lastKnownFileType = sourcecode.swift; path = DayCalendarListView.swift; sourceTree = "<group>"; };
		2A1B5FDD2997D5D400DD22DA /* WeekCalendarView.swift */ = {isa = PBXFileReference; lastKnownFileType = sourcecode.swift; path = WeekCalendarView.swift; sourceTree = "<group>"; };
		2A1B5FDF2997D9A300DD22DA /* Date.swift */ = {isa = PBXFileReference; lastKnownFileType = sourcecode.swift; path = Date.swift; sourceTree = "<group>"; };
		2A1B5FE12997E92500DD22DA /* CalendarReminderView.swift */ = {isa = PBXFileReference; lastKnownFileType = sourcecode.swift; path = CalendarReminderView.swift; sourceTree = "<group>"; };
		2A1B5FE32997FCB700DD22DA /* VerticalReminderView.swift */ = {isa = PBXFileReference; lastKnownFileType = sourcecode.swift; path = VerticalReminderView.swift; sourceTree = "<group>"; };
		2A1B5FEE29980A6700DD22DA /* en */ = {isa = PBXFileReference; lastKnownFileType = text.plist.strings; name = en; path = en.lproj/Localizable.strings; sourceTree = "<group>"; };
		2A1B5FF029980A6B00DD22DA /* ja */ = {isa = PBXFileReference; lastKnownFileType = text.plist.strings; name = ja; path = ja.lproj/Localizable.strings; sourceTree = "<group>"; };
		2A278B382997A270007D57DB /* Int.swift */ = {isa = PBXFileReference; lastKnownFileType = sourcecode.swift; path = Int.swift; sourceTree = "<group>"; };
		2A74DC1D29975E86003926DC /* CreatePlanView.swift */ = {isa = PBXFileReference; lastKnownFileType = sourcecode.swift; path = CreatePlanView.swift; sourceTree = "<group>"; };
		2A74DC1F29975E9A003926DC /* CreatePlanViewModel.swift */ = {isa = PBXFileReference; lastKnownFileType = sourcecode.swift; path = CreatePlanViewModel.swift; sourceTree = "<group>"; };
		2A74DC2229976C65003926DC /* EKEntityType.swift */ = {isa = PBXFileReference; lastKnownFileType = sourcecode.swift; path = EKEntityType.swift; sourceTree = "<group>"; };
		2AB9C4572996911900C28B6D /* Noren.app */ = {isa = PBXFileReference; explicitFileType = wrapper.application; includeInIndex = 0; path = Noren.app; sourceTree = BUILT_PRODUCTS_DIR; };
		2AB9C45A2996911900C28B6D /* NorenApp.swift */ = {isa = PBXFileReference; lastKnownFileType = sourcecode.swift; path = NorenApp.swift; sourceTree = "<group>"; };
		2AB9C45C2996911900C28B6D /* ContentView.swift */ = {isa = PBXFileReference; lastKnownFileType = sourcecode.swift; path = ContentView.swift; sourceTree = "<group>"; };
		2AB9C45E2996911900C28B6D /* Assets.xcassets */ = {isa = PBXFileReference; lastKnownFileType = folder.assetcatalog; path = Assets.xcassets; sourceTree = "<group>"; };
		2AB9C4612996911900C28B6D /* Preview Assets.xcassets */ = {isa = PBXFileReference; lastKnownFileType = folder.assetcatalog; path = "Preview Assets.xcassets"; sourceTree = "<group>"; };
		2AF961BD2997AE4E0074AE0E /* MarkdownView.swift */ = {isa = PBXFileReference; lastKnownFileType = sourcecode.swift; path = MarkdownView.swift; sourceTree = "<group>"; };
/* End PBXFileReference section */

/* Begin PBXFrameworksBuildPhase section */
		2AB9C4542996911900C28B6D /* Frameworks */ = {
			isa = PBXFrameworksBuildPhase;
			buildActionMask = 2147483647;
			files = (
				2A1B5FEA299809C900DD22DA /* RDMarkdownKit in Frameworks */,
			);
			runOnlyForDeploymentPostprocessing = 0;
		};
/* End PBXFrameworksBuildPhase section */

/* Begin PBXGroup section */
		2A0ACF5129969B4500A9DC1F /* Navigation */ = {
			isa = PBXGroup;
			children = (
				2AB9C45C2996911900C28B6D /* ContentView.swift */,
				2A0ACF5229969BD200A9DC1F /* SidebarView.swift */,
				2A0ACF5429969BFA00A9DC1F /* DetailView.swift */,
			);
			path = Navigation;
			sourceTree = "<group>";
		};
		2A0ACF562996A0E300A9DC1F /* Calendar */ = {
			isa = PBXGroup;
			children = (
				2A0ACF572996A10C00A9DC1F /* CalendarView.swift */,
				2A0ACF622996A73D00A9DC1F /* OneDayCalendarView.swift */,
				2A1B5FDD2997D5D400DD22DA /* WeekCalendarView.swift */,
				2A1B5FDB2997D50300DD22DA /* DayCalendarListView.swift */,
			);
			path = Calendar;
			sourceTree = "<group>";
		};
		2A0ACF592996A13300A9DC1F /* Reminder */ = {
			isa = PBXGroup;
			children = (
				2A0ACF5A2996A15400A9DC1F /* ReminderView.swift */,
				2A18C544299752D6006EEE3F /* KanbanReminderView.swift */,
				2A1B5FE32997FCB700DD22DA /* VerticalReminderView.swift */,
				2A1B5FE12997E92500DD22DA /* CalendarReminderView.swift */,
			);
			path = Reminder;
			sourceTree = "<group>";
		};
		2A0ACF5C2996A17700A9DC1F /* Clock */ = {
			isa = PBXGroup;
			children = (
				2A0ACF5D2996A1B100A9DC1F /* ClockView.swift */,
			);
			path = Clock;
			sourceTree = "<group>";
		};
		2A0ACF5F2996A1CA00A9DC1F /* Settings */ = {
			isa = PBXGroup;
			children = (
				2A0ACF602996A1E400A9DC1F /* SettingsView.swift */,
			);
			path = Settings;
			sourceTree = "<group>";
		};
		2A0ACF64299721D800A9DC1F /* Model */ = {
			isa = PBXGroup;
			children = (
				2A74DC2129976BFC003926DC /* Extension */,
				2A0ACF652997221700A9DC1F /* EventKitManager.swift */,
				2A0ACF6729972DEF00A9DC1F /* Plan.swift */,
			);
			path = Model;
			sourceTree = "<group>";
		};
		2A0ACF6929973E9F00A9DC1F /* Plan */ = {
			isa = PBXGroup;
			children = (
				2A0ACF6A29973ECA00A9DC1F /* PlanView.swift */,
			);
			path = Plan;
			sourceTree = "<group>";
		};
		2A74DC1C29975E5C003926DC /* CreatePlan */ = {
			isa = PBXGroup;
			children = (
				2A74DC1D29975E86003926DC /* CreatePlanView.swift */,
				2A74DC1F29975E9A003926DC /* CreatePlanViewModel.swift */,
			);
			path = CreatePlan;
			sourceTree = "<group>";
		};
		2A74DC2129976BFC003926DC /* Extension */ = {
			isa = PBXGroup;
			children = (
				2A74DC2229976C65003926DC /* EKEntityType.swift */,
				2A278B382997A270007D57DB /* Int.swift */,
				2A1B5FDF2997D9A300DD22DA /* Date.swift */,
			);
			path = Extension;
			sourceTree = "<group>";
		};
		2AB9C44E2996911800C28B6D = {
			isa = PBXGroup;
			children = (
				2A1B5FEF29980A6700DD22DA /* Localizable.strings */,
				2AB9C4592996911900C28B6D /* Noren */,
				2AB9C4582996911900C28B6D /* Products */,
			);
			sourceTree = "<group>";
		};
		2AB9C4582996911900C28B6D /* Products */ = {
			isa = PBXGroup;
			children = (
				2AB9C4572996911900C28B6D /* Noren.app */,
			);
			name = Products;
			sourceTree = "<group>";
		};
		2AB9C4592996911900C28B6D /* Noren */ = {
			isa = PBXGroup;
			children = (
				2AB9C45A2996911900C28B6D /* NorenApp.swift */,
				2AF961BC2997AE0D0074AE0E /* Markdown  */,
				2A74DC1C29975E5C003926DC /* CreatePlan */,
				2A0ACF6929973E9F00A9DC1F /* Plan */,
				2A0ACF64299721D800A9DC1F /* Model */,
				2A0ACF562996A0E300A9DC1F /* Calendar */,
				2A0ACF592996A13300A9DC1F /* Reminder */,
				2A0ACF5C2996A17700A9DC1F /* Clock */,
				2A0ACF5F2996A1CA00A9DC1F /* Settings */,
				2A0ACF5129969B4500A9DC1F /* Navigation */,
				2AB9C45E2996911900C28B6D /* Assets.xcassets */,
				2AB9C4602996911900C28B6D /* Preview Content */,
			);
			path = Noren;
			sourceTree = "<group>";
		};
		2AB9C4602996911900C28B6D /* Preview Content */ = {
			isa = PBXGroup;
			children = (
				2AB9C4612996911900C28B6D /* Preview Assets.xcassets */,
			);
			path = "Preview Content";
			sourceTree = "<group>";
		};
		2AF961BC2997AE0D0074AE0E /* Markdown  */ = {
			isa = PBXGroup;
			children = (
				2AF961BD2997AE4E0074AE0E /* MarkdownView.swift */,
			);
			path = "Markdown ";
			sourceTree = "<group>";
		};
/* End PBXGroup section */

/* Begin PBXNativeTarget section */
		2AB9C4562996911900C28B6D /* Noren */ = {
			isa = PBXNativeTarget;
			buildConfigurationList = 2AB9C4652996911900C28B6D /* Build configuration list for PBXNativeTarget "Noren" */;
			buildPhases = (
				2AB9C4532996911900C28B6D /* Sources */,
				2AB9C4542996911900C28B6D /* Frameworks */,
				2AB9C4552996911900C28B6D /* Resources */,
			);
			buildRules = (
			);
			dependencies = (
			);
			name = Noren;
			packageProductDependencies = (
				2A1B5FE9299809C900DD22DA /* RDMarkdownKit */,
			);
			productName = Noren;
			productReference = 2AB9C4572996911900C28B6D /* Noren.app */;
			productType = "com.apple.product-type.application";
		};
/* End PBXNativeTarget section */

/* Begin PBXProject section */
		2AB9C44F2996911800C28B6D /* Project object */ = {
			isa = PBXProject;
			attributes = {
				BuildIndependentTargetsInParallel = 1;
				LastSwiftUpdateCheck = 1420;
				LastUpgradeCheck = 1420;
				TargetAttributes = {
					2AB9C4562996911900C28B6D = {
						CreatedOnToolsVersion = 14.2;
					};
				};
			};
			buildConfigurationList = 2AB9C4522996911800C28B6D /* Build configuration list for PBXProject "Noren" */;
			compatibilityVersion = "Xcode 14.0";
			developmentRegion = en;
			hasScannedForEncodings = 0;
			knownRegions = (
				en,
				Base,
				ja,
			);
			mainGroup = 2AB9C44E2996911800C28B6D;
			packageReferences = (
				2A1B5FE8299809C900DD22DA /* XCRemoteSwiftPackageReference "RDMarkdownKitBeta" */,
			);
			productRefGroup = 2AB9C4582996911900C28B6D /* Products */;
			projectDirPath = "";
			projectRoot = "";
			targets = (
				2AB9C4562996911900C28B6D /* Noren */,
			);
		};
/* End PBXProject section */

/* Begin PBXResourcesBuildPhase section */
		2AB9C4552996911900C28B6D /* Resources */ = {
			isa = PBXResourcesBuildPhase;
			buildActionMask = 2147483647;
			files = (
				2AB9C4622996911900C28B6D /* Preview Assets.xcassets in Resources */,
				2A1B5FED29980A6700DD22DA /* Localizable.strings in Resources */,
				2AB9C45F2996911900C28B6D /* Assets.xcassets in Resources */,
			);
			runOnlyForDeploymentPostprocessing = 0;
		};
/* End PBXResourcesBuildPhase section */

/* Begin PBXSourcesBuildPhase section */
		2AB9C4532996911900C28B6D /* Sources */ = {
			isa = PBXSourcesBuildPhase;
			buildActionMask = 2147483647;
			files = (
				2A1B5FE22997E92500DD22DA /* CalendarReminderView.swift in Sources */,
				2A0ACF582996A10C00A9DC1F /* CalendarView.swift in Sources */,
				2A0ACF612996A1E400A9DC1F /* SettingsView.swift in Sources */,
				2A1B5FE42997FCB700DD22DA /* VerticalReminderView.swift in Sources */,
				2A1B5FDE2997D5D400DD22DA /* WeekCalendarView.swift in Sources */,
				2AB9C45D2996911900C28B6D /* ContentView.swift in Sources */,
				2AF961BE2997AE4E0074AE0E /* MarkdownView.swift in Sources */,
				2A0ACF5B2996A15400A9DC1F /* ReminderView.swift in Sources */,
				2A74DC2029975E9A003926DC /* CreatePlanViewModel.swift in Sources */,
				2A0ACF6829972DEF00A9DC1F /* Plan.swift in Sources */,
				2A278B392997A270007D57DB /* Int.swift in Sources */,
				2A74DC1E29975E86003926DC /* CreatePlanView.swift in Sources */,
				2A18C545299752D6006EEE3F /* KanbanReminderView.swift in Sources */,
				2A0ACF5529969BFA00A9DC1F /* DetailView.swift in Sources */,
				2A0ACF5E2996A1B100A9DC1F /* ClockView.swift in Sources */,
				2A0ACF5329969BD200A9DC1F /* SidebarView.swift in Sources */,
				2A0ACF662997221700A9DC1F /* EventKitManager.swift in Sources */,
				2A74DC2329976C65003926DC /* EKEntityType.swift in Sources */,
				2A1B5FE02997D9A300DD22DA /* Date.swift in Sources */,
				2AB9C45B2996911900C28B6D /* NorenApp.swift in Sources */,
				2A0ACF632996A73D00A9DC1F /* OneDayCalendarView.swift in Sources */,
				2A0ACF6B29973ECA00A9DC1F /* PlanView.swift in Sources */,
				2A1B5FDC2997D50300DD22DA /* DayCalendarListView.swift in Sources */,
			);
			runOnlyForDeploymentPostprocessing = 0;
		};
/* End PBXSourcesBuildPhase section */

/* Begin PBXVariantGroup section */
		2A1B5FEF29980A6700DD22DA /* Localizable.strings */ = {
			isa = PBXVariantGroup;
			children = (
				2A1B5FEE29980A6700DD22DA /* en */,
				2A1B5FF029980A6B00DD22DA /* ja */,
			);
			name = Localizable.strings;
			sourceTree = "<group>";
		};
/* End PBXVariantGroup section */

/* Begin XCBuildConfiguration section */
		2AB9C4632996911900C28B6D /* Debug */ = {
			isa = XCBuildConfiguration;
			buildSettings = {
				ALWAYS_SEARCH_USER_PATHS = NO;
				CLANG_ANALYZER_NONNULL = YES;
				CLANG_ANALYZER_NUMBER_OBJECT_CONVERSION = YES_AGGRESSIVE;
				CLANG_CXX_LANGUAGE_STANDARD = "gnu++20";
				CLANG_ENABLE_MODULES = YES;
				CLANG_ENABLE_OBJC_ARC = YES;
				CLANG_ENABLE_OBJC_WEAK = YES;
				CLANG_WARN_BLOCK_CAPTURE_AUTORELEASING = YES;
				CLANG_WARN_BOOL_CONVERSION = YES;
				CLANG_WARN_COMMA = YES;
				CLANG_WARN_CONSTANT_CONVERSION = YES;
				CLANG_WARN_DEPRECATED_OBJC_IMPLEMENTATIONS = YES;
				CLANG_WARN_DIRECT_OBJC_ISA_USAGE = YES_ERROR;
				CLANG_WARN_DOCUMENTATION_COMMENTS = YES;
				CLANG_WARN_EMPTY_BODY = YES;
				CLANG_WARN_ENUM_CONVERSION = YES;
				CLANG_WARN_INFINITE_RECURSION = YES;
				CLANG_WARN_INT_CONVERSION = YES;
				CLANG_WARN_NON_LITERAL_NULL_CONVERSION = YES;
				CLANG_WARN_OBJC_IMPLICIT_RETAIN_SELF = YES;
				CLANG_WARN_OBJC_LITERAL_CONVERSION = YES;
				CLANG_WARN_OBJC_ROOT_CLASS = YES_ERROR;
				CLANG_WARN_QUOTED_INCLUDE_IN_FRAMEWORK_HEADER = YES;
				CLANG_WARN_RANGE_LOOP_ANALYSIS = YES;
				CLANG_WARN_STRICT_PROTOTYPES = YES;
				CLANG_WARN_SUSPICIOUS_MOVE = YES;
				CLANG_WARN_UNGUARDED_AVAILABILITY = YES_AGGRESSIVE;
				CLANG_WARN_UNREACHABLE_CODE = YES;
				CLANG_WARN__DUPLICATE_METHOD_MATCH = YES;
				COPY_PHASE_STRIP = NO;
				DEBUG_INFORMATION_FORMAT = dwarf;
				ENABLE_STRICT_OBJC_MSGSEND = YES;
				ENABLE_TESTABILITY = YES;
				GCC_C_LANGUAGE_STANDARD = gnu11;
				GCC_DYNAMIC_NO_PIC = NO;
				GCC_NO_COMMON_BLOCKS = YES;
				GCC_OPTIMIZATION_LEVEL = 0;
				GCC_PREPROCESSOR_DEFINITIONS = (
					"DEBUG=1",
					"$(inherited)",
				);
				GCC_WARN_64_TO_32_BIT_CONVERSION = YES;
				GCC_WARN_ABOUT_RETURN_TYPE = YES_ERROR;
				GCC_WARN_UNDECLARED_SELECTOR = YES;
				GCC_WARN_UNINITIALIZED_AUTOS = YES_AGGRESSIVE;
				GCC_WARN_UNUSED_FUNCTION = YES;
				GCC_WARN_UNUSED_VARIABLE = YES;
				IPHONEOS_DEPLOYMENT_TARGET = 16.2;
				MTL_ENABLE_DEBUG_INFO = INCLUDE_SOURCE;
				MTL_FAST_MATH = YES;
				ONLY_ACTIVE_ARCH = YES;
				SDKROOT = iphoneos;
				SWIFT_ACTIVE_COMPILATION_CONDITIONS = DEBUG;
				SWIFT_OPTIMIZATION_LEVEL = "-Onone";
			};
			name = Debug;
		};
		2AB9C4642996911900C28B6D /* Release */ = {
			isa = XCBuildConfiguration;
			buildSettings = {
				ALWAYS_SEARCH_USER_PATHS = NO;
				CLANG_ANALYZER_NONNULL = YES;
				CLANG_ANALYZER_NUMBER_OBJECT_CONVERSION = YES_AGGRESSIVE;
				CLANG_CXX_LANGUAGE_STANDARD = "gnu++20";
				CLANG_ENABLE_MODULES = YES;
				CLANG_ENABLE_OBJC_ARC = YES;
				CLANG_ENABLE_OBJC_WEAK = YES;
				CLANG_WARN_BLOCK_CAPTURE_AUTORELEASING = YES;
				CLANG_WARN_BOOL_CONVERSION = YES;
				CLANG_WARN_COMMA = YES;
				CLANG_WARN_CONSTANT_CONVERSION = YES;
				CLANG_WARN_DEPRECATED_OBJC_IMPLEMENTATIONS = YES;
				CLANG_WARN_DIRECT_OBJC_ISA_USAGE = YES_ERROR;
				CLANG_WARN_DOCUMENTATION_COMMENTS = YES;
				CLANG_WARN_EMPTY_BODY = YES;
				CLANG_WARN_ENUM_CONVERSION = YES;
				CLANG_WARN_INFINITE_RECURSION = YES;
				CLANG_WARN_INT_CONVERSION = YES;
				CLANG_WARN_NON_LITERAL_NULL_CONVERSION = YES;
				CLANG_WARN_OBJC_IMPLICIT_RETAIN_SELF = YES;
				CLANG_WARN_OBJC_LITERAL_CONVERSION = YES;
				CLANG_WARN_OBJC_ROOT_CLASS = YES_ERROR;
				CLANG_WARN_QUOTED_INCLUDE_IN_FRAMEWORK_HEADER = YES;
				CLANG_WARN_RANGE_LOOP_ANALYSIS = YES;
				CLANG_WARN_STRICT_PROTOTYPES = YES;
				CLANG_WARN_SUSPICIOUS_MOVE = YES;
				CLANG_WARN_UNGUARDED_AVAILABILITY = YES_AGGRESSIVE;
				CLANG_WARN_UNREACHABLE_CODE = YES;
				CLANG_WARN__DUPLICATE_METHOD_MATCH = YES;
				COPY_PHASE_STRIP = NO;
				DEBUG_INFORMATION_FORMAT = "dwarf-with-dsym";
				ENABLE_NS_ASSERTIONS = NO;
				ENABLE_STRICT_OBJC_MSGSEND = YES;
				GCC_C_LANGUAGE_STANDARD = gnu11;
				GCC_NO_COMMON_BLOCKS = YES;
				GCC_WARN_64_TO_32_BIT_CONVERSION = YES;
				GCC_WARN_ABOUT_RETURN_TYPE = YES_ERROR;
				GCC_WARN_UNDECLARED_SELECTOR = YES;
				GCC_WARN_UNINITIALIZED_AUTOS = YES_AGGRESSIVE;
				GCC_WARN_UNUSED_FUNCTION = YES;
				GCC_WARN_UNUSED_VARIABLE = YES;
				IPHONEOS_DEPLOYMENT_TARGET = 16.2;
				MTL_ENABLE_DEBUG_INFO = NO;
				MTL_FAST_MATH = YES;
				SDKROOT = iphoneos;
				SWIFT_COMPILATION_MODE = wholemodule;
				SWIFT_OPTIMIZATION_LEVEL = "-O";
				VALIDATE_PRODUCT = YES;
			};
			name = Release;
		};
		2AB9C4662996911900C28B6D /* Debug */ = {
			isa = XCBuildConfiguration;
			buildSettings = {
				ASSETCATALOG_COMPILER_APPICON_NAME = AppIcon;
				ASSETCATALOG_COMPILER_GLOBAL_ACCENT_COLOR_NAME = AccentColor;
				CODE_SIGN_STYLE = Automatic;
				CURRENT_PROJECT_VERSION = 1;
				DEVELOPMENT_ASSET_PATHS = "\"Noren/Preview Content\"";
				DEVELOPMENT_TEAM = BGS5U89ZQT;
				ENABLE_PREVIEWS = YES;
				GENERATE_INFOPLIST_FILE = YES;
				INFOPLIST_KEY_NSCalendarsUsageDescription = "カレンダーは、イベントの表示、編集に使用されます。";
				INFOPLIST_KEY_NSRemindersUsageDescription = "リマインダーは、リマインダーの表示、編集に使用されます。";
				INFOPLIST_KEY_UIApplicationSceneManifest_Generation = YES;
				INFOPLIST_KEY_UIApplicationSupportsIndirectInputEvents = YES;
				INFOPLIST_KEY_UILaunchScreen_Generation = YES;
				INFOPLIST_KEY_UISupportedInterfaceOrientations_iPad = "UIInterfaceOrientationPortrait UIInterfaceOrientationPortraitUpsideDown UIInterfaceOrientationLandscapeLeft UIInterfaceOrientationLandscapeRight";
				INFOPLIST_KEY_UISupportedInterfaceOrientations_iPhone = "UIInterfaceOrientationPortrait UIInterfaceOrientationLandscapeLeft UIInterfaceOrientationLandscapeRight";
				LD_RUNPATH_SEARCH_PATHS = (
					"$(inherited)",
					"@executable_path/Frameworks",
				);
				MARKETING_VERSION = 1.0;
				PRODUCT_BUNDLE_IDENTIFIER = ryodeveloper.Noren;
				PRODUCT_NAME = "$(TARGET_NAME)";
				SWIFT_EMIT_LOC_STRINGS = YES;
				SWIFT_VERSION = 5.0;
				TARGETED_DEVICE_FAMILY = "1,2";
			};
			name = Debug;
		};
		2AB9C4672996911900C28B6D /* Release */ = {
			isa = XCBuildConfiguration;
			buildSettings = {
				ASSETCATALOG_COMPILER_APPICON_NAME = AppIcon;
				ASSETCATALOG_COMPILER_GLOBAL_ACCENT_COLOR_NAME = AccentColor;
				CODE_SIGN_STYLE = Automatic;
				CURRENT_PROJECT_VERSION = 1;
				DEVELOPMENT_ASSET_PATHS = "\"Noren/Preview Content\"";
				DEVELOPMENT_TEAM = BGS5U89ZQT;
				ENABLE_PREVIEWS = YES;
				GENERATE_INFOPLIST_FILE = YES;
				INFOPLIST_KEY_NSCalendarsUsageDescription = "カレンダーは、イベントの表示、編集に使用されます。";
				INFOPLIST_KEY_NSRemindersUsageDescription = "リマインダーは、リマインダーの表示、編集に使用されます。";
				INFOPLIST_KEY_UIApplicationSceneManifest_Generation = YES;
				INFOPLIST_KEY_UIApplicationSupportsIndirectInputEvents = YES;
				INFOPLIST_KEY_UILaunchScreen_Generation = YES;
				INFOPLIST_KEY_UISupportedInterfaceOrientations_iPad = "UIInterfaceOrientationPortrait UIInterfaceOrientationPortraitUpsideDown UIInterfaceOrientationLandscapeLeft UIInterfaceOrientationLandscapeRight";
				INFOPLIST_KEY_UISupportedInterfaceOrientations_iPhone = "UIInterfaceOrientationPortrait UIInterfaceOrientationLandscapeLeft UIInterfaceOrientationLandscapeRight";
				LD_RUNPATH_SEARCH_PATHS = (
					"$(inherited)",
					"@executable_path/Frameworks",
				);
				MARKETING_VERSION = 1.0;
				PRODUCT_BUNDLE_IDENTIFIER = ryodeveloper.Noren;
				PRODUCT_NAME = "$(TARGET_NAME)";
				SWIFT_EMIT_LOC_STRINGS = YES;
				SWIFT_VERSION = 5.0;
				TARGETED_DEVICE_FAMILY = "1,2";
			};
			name = Release;
		};
/* End XCBuildConfiguration section */

/* Begin XCConfigurationList section */
		2AB9C4522996911800C28B6D /* Build configuration list for PBXProject "Noren" */ = {
			isa = XCConfigurationList;
			buildConfigurations = (
				2AB9C4632996911900C28B6D /* Debug */,
				2AB9C4642996911900C28B6D /* Release */,
			);
			defaultConfigurationIsVisible = 0;
			defaultConfigurationName = Release;
		};
		2AB9C4652996911900C28B6D /* Build configuration list for PBXNativeTarget "Noren" */ = {
			isa = XCConfigurationList;
			buildConfigurations = (
				2AB9C4662996911900C28B6D /* Debug */,
				2AB9C4672996911900C28B6D /* Release */,
			);
			defaultConfigurationIsVisible = 0;
			defaultConfigurationName = Release;
		};
/* End XCConfigurationList section */

/* Begin XCRemoteSwiftPackageReference section */
		2A1B5FE8299809C900DD22DA /* XCRemoteSwiftPackageReference "RDMarkdownKitBeta" */ = {
			isa = XCRemoteSwiftPackageReference;
			repositoryURL = "https://github.com/RyoDeveloper/RDMarkdownKitBeta";
			requirement = {
				kind = upToNextMajorVersion;
				minimumVersion = 0.1.7;
			};
		};
/* End XCRemoteSwiftPackageReference section */

/* Begin XCSwiftPackageProductDependency section */
		2A1B5FE9299809C900DD22DA /* RDMarkdownKit */ = {
			isa = XCSwiftPackageProductDependency;
			package = 2A1B5FE8299809C900DD22DA /* XCRemoteSwiftPackageReference "RDMarkdownKitBeta" */;
			productName = RDMarkdownKit;
		};
/* End XCSwiftPackageProductDependency section */
	};
	rootObject = 2AB9C44F2996911800C28B6D /* Project object */;
}
