{
  "pins" : [
    {
      "identity" : "rdmarkdownkitbeta",
      "kind" : "remoteSourceControl",
      "location" : "https://github.com/RyoDeveloper/RDMarkdownKitBeta",
      "state" : {
        "revision" : "e10a97807ba297608d5ac77da73b4a308cf920fa",
        "version" : "0.2.3"
      }
    }
  ],
  "version" : 2
}
